
Microsoft Visual Studio Solution File, Format Version 12.00
# Visual Studio Version 17
VisualStudioVersion = 17.12.35527.113
MinimumVisualStudioVersion = 10.0.40219.1
Project("{FAE04EC0-301F-11D3-BF4B-00C04F79EFBC}") = "Taxi", "Taxi\Taxi.csproj", "{DCD8D795-76AB-4B1F-AC24-502DAD8673C1}"
EndProject
Project("{FAE04EC0-301F-11D3-BF4B-00C04F79EFBC}") = "Taxi_tests", "Taxi_tests\Taxi_tests.csproj", "{1025F01D-AF2C-4304-BDF1-0BCC23414021}"
EndProject
Global
	GlobalSection(SolutionConfigurationPlatforms) = preSolution
		Debug|Any CPU = Debug|Any CPU
		Release|Any CPU = Release|Any CPU
	EndGlobalSection
	GlobalSection(ProjectConfigurationPlatforms) = postSolution
		{DCD8D795-76AB-4B1F-AC24-502DAD8673C1}.Debug|Any CPU.ActiveCfg = Debug|Any CPU
		{DCD8D795-76AB-4B1F-AC24-502DAD8673C1}.Debug|Any CPU.Build.0 = Debug|Any CPU
		{DCD8D795-76AB-4B1F-AC24-502DAD8673C1}.Release|Any CPU.ActiveCfg = Release|Any CPU
		{DCD8D795-76AB-4B1F-AC24-502DAD8673C1}.Release|Any CPU.Build.0 = Release|Any CPU
		{1025F01D-AF2C-4304-BDF1-0BCC23414021}.Debug|Any CPU.ActiveCfg = Debug|Any CPU
		{1025F01D-AF2C-4304-BDF1-0BCC23414021}.Debug|Any CPU.Build.0 = Debug|Any CPU
		{1025F01D-AF2C-4304-BDF1-0BCC23414021}.Release|Any CPU.ActiveCfg = Release|Any CPU
		{1025F01D-AF2C-4304-BDF1-0BCC23414021}.Release|Any CPU.Build.0 = Release|Any CPU
	EndGlobalSection
	GlobalSection(SolutionProperties) = preSolution
		HideSolutionNode = FALSE
	EndGlobalSection
	GlobalSection(ExtensibilityGlobals) = postSolution
		SolutionGuid = {153736B9-387F-4D0F-8C19-15EF6C149FB9}
	EndGlobalSection
EndGlobal
